<?xml version="1.0" encoding="utf-8"?>
<Project ToolsVersion="4.0" xmlns="http://schemas.microsoft.com/developer/msbuild/2003">
  <ItemGroup>
    <Filter Include="Source">
      <UniqueIdentifier>{39d8da0d-45ab-4261-9255-ead484d28cf8}</UniqueIdentifier>
    </Filter>
  </ItemGroup>
  <ItemGroup>
    <ClCompile Include="TKRHI_GL.cpp">
      <Filter>Source</Filter>
    </ClCompile>
  </ItemGroup>
</Project>